// !$*UTF8*$!
{
	archiveVersion = 1;
	classes = {
	};
	objectVersion = 51;
	objects = {

/* Begin PBXBuildFile section */
		5B0604F77C4B000B1707FA02 /* Pods_versi.framework in Frameworks */ = {isa = PBXBuildFile; fileRef = 2F740352400E146727A151CB /* Pods_versi.framework */; };
		74D7720A57A98CF175F3C7B2 /* Constants.swift in Sources */ = {isa = PBXBuildFile; fileRef = 74D771D9283E20A1C9FCEF8D /* Constants.swift */; };
		74D77376BDBACF5A1BB4798F /* Repo.swift in Sources */ = {isa = PBXBuildFile; fileRef = 74D7771762C0F568FBFA0F65 /* Repo.swift */; };
		74D775B54A619724ABE0CD1D /* TrendingRepoCell.swift in Sources */ = {isa = PBXBuildFile; fileRef = 74D7737F6F2E4B0D01EF9105 /* TrendingRepoCell.swift */; };
		74D77B7BDDC6C21A9A6DAE3D /* RoundedBorderButton.swift in Sources */ = {isa = PBXBuildFile; fileRef = 74D777F0DF49E068754EF583 /* RoundedBorderButton.swift */; };
		74D77F114BE2930AC0DC455D /* RoundedBorderTextField.swift in Sources */ = {isa = PBXBuildFile; fileRef = 74D77B0BCF8AC6B7508F5A86 /* RoundedBorderTextField.swift */; };
		74D77F11EC6ED47AAE2DCEB5 /* DownloadService.swift in Sources */ = {isa = PBXBuildFile; fileRef = 74D77B7F51536FE0CE1C3FF8 /* DownloadService.swift */; };
		C17E212C2440B8D700141A68 /* AppDelegate.swift in Sources */ = {isa = PBXBuildFile; fileRef = C17E212B2440B8D700141A68 /* AppDelegate.swift */; };
		C17E212E2440B8D700141A68 /* SceneDelegate.swift in Sources */ = {isa = PBXBuildFile; fileRef = C17E212D2440B8D700141A68 /* SceneDelegate.swift */; };
		C17E21302440B8D700141A68 /* TrendingFeedVC.swift in Sources */ = {isa = PBXBuildFile; fileRef = C17E212F2440B8D700141A68 /* TrendingFeedVC.swift */; };
		C17E21332440B8D700141A68 /* Main.storyboard in Resources */ = {isa = PBXBuildFile; fileRef = C17E21312440B8D700141A68 /* Main.storyboard */; };
		C17E21352440B8DA00141A68 /* Assets.xcassets in Resources */ = {isa = PBXBuildFile; fileRef = C17E21342440B8DA00141A68 /* Assets.xcassets */; };
		C17E21382440B8DA00141A68 /* LaunchScreen.storyboard in Resources */ = {isa = PBXBuildFile; fileRef = C17E21362440B8DA00141A68 /* LaunchScreen.storyboard */; };
		C17E21452440C1E600141A68 /* SearchVC.swift in Sources */ = {isa = PBXBuildFile; fileRef = C17E21442440C1E600141A68 /* SearchVC.swift */; };
/* End PBXBuildFile section */

/* Begin PBXFileReference section */
		2F740352400E146727A151CB /* Pods_versi.framework */ = {isa = PBXFileReference; explicitFileType = wrapper.framework; includeInIndex = 0; path = Pods_versi.framework; sourceTree = BUILT_PRODUCTS_DIR; };
		74D771D9283E20A1C9FCEF8D /* Constants.swift */ = {isa = PBXFileReference; fileEncoding = 4; lastKnownFileType = sourcecode.swift; path = Constants.swift; sourceTree = "<group>"; };
		74D7737F6F2E4B0D01EF9105 /* TrendingRepoCell.swift */ = {isa = PBXFileReference; fileEncoding = 4; lastKnownFileType = sourcecode.swift; path = TrendingRepoCell.swift; sourceTree = "<group>"; };
		74D7771762C0F568FBFA0F65 /* Repo.swift */ = {isa = PBXFileReference; fileEncoding = 4; lastKnownFileType = sourcecode.swift; path = Repo.swift; sourceTree = "<group>"; };
		74D777F0DF49E068754EF583 /* RoundedBorderButton.swift */ = {isa = PBXFileReference; fileEncoding = 4; lastKnownFileType = sourcecode.swift; path = RoundedBorderButton.swift; sourceTree = "<group>"; };
		74D77B0BCF8AC6B7508F5A86 /* RoundedBorderTextField.swift */ = {isa = PBXFileReference; fileEncoding = 4; lastKnownFileType = sourcecode.swift; path = RoundedBorderTextField.swift; sourceTree = "<group>"; };
		74D77B7F51536FE0CE1C3FF8 /* DownloadService.swift */ = {isa = PBXFileReference; fileEncoding = 4; lastKnownFileType = sourcecode.swift; path = DownloadService.swift; sourceTree = "<group>"; };
		AC37952B41BAFD6FE4E80D49 /* Pods-versi.debug.xcconfig */ = {isa = PBXFileReference; includeInIndex = 1; lastKnownFileType = text.xcconfig; name = "Pods-versi.debug.xcconfig"; path = "Target Support Files/Pods-versi/Pods-versi.debug.xcconfig"; sourceTree = "<group>"; };
		C17E21282440B8D700141A68 /* versi.app */ = {isa = PBXFileReference; explicitFileType = wrapper.application; includeInIndex = 0; path = versi.app; sourceTree = BUILT_PRODUCTS_DIR; };
		C17E212B2440B8D700141A68 /* AppDelegate.swift */ = {isa = PBXFileReference; lastKnownFileType = sourcecode.swift; path = AppDelegate.swift; sourceTree = "<group>"; };
		C17E212D2440B8D700141A68 /* SceneDelegate.swift */ = {isa = PBXFileReference; lastKnownFileType = sourcecode.swift; path = SceneDelegate.swift; sourceTree = "<group>"; };
		C17E212F2440B8D700141A68 /* TrendingFeedVC.swift */ = {isa = PBXFileReference; lastKnownFileType = sourcecode.swift; path = TrendingFeedVC.swift; sourceTree = "<group>"; };
		C17E21322440B8D700141A68 /* Base */ = {isa = PBXFileReference; lastKnownFileType = file.storyboard; name = Base; path = Base.lproj/Main.storyboard; sourceTree = "<group>"; };
		C17E21342440B8DA00141A68 /* Assets.xcassets */ = {isa = PBXFileReference; lastKnownFileType = folder.assetcatalog; path = Assets.xcassets; sourceTree = "<group>"; };
		C17E21372440B8DA00141A68 /* Base */ = {isa = PBXFileReference; lastKnownFileType = file.storyboard; name = Base; path = Base.lproj/LaunchScreen.storyboard; sourceTree = "<group>"; };
		C17E21392440B8DA00141A68 /* Info.plist */ = {isa = PBXFileReference; lastKnownFileType = text.plist.xml; path = Info.plist; sourceTree = "<group>"; };
		C17E21442440C1E600141A68 /* SearchVC.swift */ = {isa = PBXFileReference; lastKnownFileType = sourcecode.swift; path = SearchVC.swift; sourceTree = "<group>"; };
		E376A27799BFB282A345F4AD /* Pods-versi.release.xcconfig */ = {isa = PBXFileReference; includeInIndex = 1; lastKnownFileType = text.xcconfig; name = "Pods-versi.release.xcconfig"; path = "Target Support Files/Pods-versi/Pods-versi.release.xcconfig"; sourceTree = "<group>"; };
/* End PBXFileReference section */

/* Begin PBXFrameworksBuildPhase section */
		C17E21252440B8D700141A68 /* Frameworks */ = {
			isa = PBXFrameworksBuildPhase;
			buildActionMask = 2147483647;
			files = (
				5B0604F77C4B000B1707FA02 /* Pods_versi.framework in Frameworks */,
			);
			runOnlyForDeploymentPostprocessing = 0;
		};
/* End PBXFrameworksBuildPhase section */

/* Begin PBXGroup section */
		37BC5855E20CCCD80EEA54EF /* Pods */ = {
			isa = PBXGroup;
			children = (
				AC37952B41BAFD6FE4E80D49 /* Pods-versi.debug.xcconfig */,
				E376A27799BFB282A345F4AD /* Pods-versi.release.xcconfig */,
			);
			path = Pods;
			sourceTree = "<group>";
		};
		42901CD02836FACD95A90512 /* Frameworks */ = {
			isa = PBXGroup;
			children = (
				2F740352400E146727A151CB /* Pods_versi.framework */,
			);
			name = Frameworks;
			sourceTree = "<group>";
		};
		74D7710A24B9AB6DD04A0C54 /* Services */ = {
			isa = PBXGroup;
			children = (
				74D77B7F51536FE0CE1C3FF8 /* DownloadService.swift */,
			);
			path = Services;
			sourceTree = "<group>";
		};
		74D77A1CA730472637BE0BF6 /* Utils */ = {
			isa = PBXGroup;
			children = (
				74D771D9283E20A1C9FCEF8D /* Constants.swift */,
			);
			path = Utils;
			sourceTree = "<group>";
		};
		C17E211F2440B8D700141A68 = {
			isa = PBXGroup;
			children = (
				C17E212A2440B8D700141A68 /* versi */,
				C17E21292440B8D700141A68 /* Products */,
				37BC5855E20CCCD80EEA54EF /* Pods */,
				42901CD02836FACD95A90512 /* Frameworks */,
			);
			sourceTree = "<group>";
		};
		C17E21292440B8D700141A68 /* Products */ = {
			isa = PBXGroup;
			children = (
				C17E21282440B8D700141A68 /* versi.app */,
			);
			name = Products;
			sourceTree = "<group>";
		};
		C17E212A2440B8D700141A68 /* versi */ = {
			isa = PBXGroup;
			children = (
				C17E21432440BDB700141A68 /* Resources */,
				C17E21422440BD9F00141A68 /* Core */,
				C17E21412440BA6300141A68 /* View */,
				C17E21402440BA5C00141A68 /* Model */,
				C17E213F2440BA5200141A68 /* Controller */,
				74D77A1CA730472637BE0BF6 /* Utils */,
				74D7710A24B9AB6DD04A0C54 /* Services */,
			);
			path = versi;
			sourceTree = "<group>";
		};
		C17E213F2440BA5200141A68 /* Controller */ = {
			isa = PBXGroup;
			children = (
				C17E212F2440B8D700141A68 /* TrendingFeedVC.swift */,
				C17E21442440C1E600141A68 /* SearchVC.swift */,
			);
			path = Controller;
			sourceTree = "<group>";
		};
		C17E21402440BA5C00141A68 /* Model */ = {
			isa = PBXGroup;
			children = (
				74D7771762C0F568FBFA0F65 /* Repo.swift */,
			);
			path = Model;
			sourceTree = "<group>";
		};
		C17E21412440BA6300141A68 /* View */ = {
			isa = PBXGroup;
			children = (
				74D777F0DF49E068754EF583 /* RoundedBorderButton.swift */,
				74D77B0BCF8AC6B7508F5A86 /* RoundedBorderTextField.swift */,
				74D7737F6F2E4B0D01EF9105 /* TrendingRepoCell.swift */,
			);
			path = View;
			sourceTree = "<group>";
		};
		C17E21422440BD9F00141A68 /* Core */ = {
			isa = PBXGroup;
			children = (
				C17E21312440B8D700141A68 /* Main.storyboard */,
				C17E21362440B8DA00141A68 /* LaunchScreen.storyboard */,
				C17E212B2440B8D700141A68 /* AppDelegate.swift */,
				C17E212D2440B8D700141A68 /* SceneDelegate.swift */,
				C17E21392440B8DA00141A68 /* Info.plist */,
			);
			path = Core;
			sourceTree = "<group>";
		};
		C17E21432440BDB700141A68 /* Resources */ = {
			isa = PBXGroup;
			children = (
				C17E21342440B8DA00141A68 /* Assets.xcassets */,
			);
			path = Resources;
			sourceTree = "<group>";
		};
/* End PBXGroup section */

/* Begin PBXNativeTarget section */
		C17E21272440B8D700141A68 /* versi */ = {
			isa = PBXNativeTarget;
			buildConfigurationList = C17E213C2440B8DA00141A68 /* Build configuration list for PBXNativeTarget "versi" */;
			buildPhases = (
				69309A0D15C3A7C4CDA69EE1 /* [CP] Check Pods Manifest.lock */,
				C17E21242440B8D700141A68 /* Sources */,
				C17E21252440B8D700141A68 /* Frameworks */,
				C17E21262440B8D700141A68 /* Resources */,
				9A14B9E64624088C954D715B /* [CP] Embed Pods Frameworks */,
			);
			buildRules = (
			);
			dependencies = (
			);
			name = versi;
			productName = versi;
			productReference = C17E21282440B8D700141A68 /* versi.app */;
			productType = "com.apple.product-type.application";
		};
/* End PBXNativeTarget section */

/* Begin PBXProject section */
		C17E21202440B8D700141A68 /* Project object */ = {
			isa = PBXProject;
			attributes = {
				LastSwiftUpdateCheck = 1140;
				LastUpgradeCheck = 1140;
				ORGANIZATIONNAME = "Kerim Deveci";
				TargetAttributes = {
					C17E21272440B8D700141A68 = {
						CreatedOnToolsVersion = 11.4;
					};
				};
			};
			buildConfigurationList = C17E21232440B8D700141A68 /* Build configuration list for PBXProject "versi" */;
			compatibilityVersion = "Xcode 9.3";
			developmentRegion = en;
			hasScannedForEncodings = 0;
			knownRegions = (
				en,
				Base,
			);
			mainGroup = C17E211F2440B8D700141A68;
			productRefGroup = C17E21292440B8D700141A68 /* Products */;
			projectDirPath = "";
			projectRoot = "";
			targets = (
				C17E21272440B8D700141A68 /* versi */,
			);
		};
/* End PBXProject section */

/* Begin PBXResourcesBuildPhase section */
		C17E21262440B8D700141A68 /* Resources */ = {
			isa = PBXResourcesBuildPhase;
			buildActionMask = 2147483647;
			files = (
				C17E21382440B8DA00141A68 /* LaunchScreen.storyboard in Resources */,
				C17E21352440B8DA00141A68 /* Assets.xcassets in Resources */,
				C17E21332440B8D700141A68 /* Main.storyboard in Resources */,
			);
			runOnlyForDeploymentPostprocessing = 0;
		};
/* End PBXResourcesBuildPhase section */

/* Begin PBXShellScriptBuildPhase section */
		69309A0D15C3A7C4CDA69EE1 /* [CP] Check Pods Manifest.lock */ = {
			isa = PBXShellScriptBuildPhase;
			buildActionMask = 2147483647;
			files = (
			);
			inputFileListPaths = (
			);
			inputPaths = (
				"${PODS_PODFILE_DIR_PATH}/Podfile.lock",
				"${PODS_ROOT}/Manifest.lock",
			);
			name = "[CP] Check Pods Manifest.lock";
			outputFileListPaths = (
			);
			outputPaths = (
				"$(DERIVED_FILE_DIR)/Pods-versi-checkManifestLockResult.txt",
			);
			runOnlyForDeploymentPostprocessing = 0;
			shellPath = /bin/sh;
			shellScript = "diff \"${PODS_PODFILE_DIR_PATH}/Podfile.lock\" \"${PODS_ROOT}/Manifest.lock\" > /dev/null\nif [ $? != 0 ] ; then\n    # print error to STDERR\n    echo \"error: The sandbox is not in sync with the Podfile.lock. Run 'pod install' or update your CocoaPods installation.\" >&2\n    exit 1\nfi\n# This output is used by Xcode 'outputs' to avoid re-running this script phase.\necho \"SUCCESS\" > \"${SCRIPT_OUTPUT_FILE_0}\"\n";
			showEnvVarsInLog = 0;
		};
		9A14B9E64624088C954D715B /* [CP] Embed Pods Frameworks */ = {
			isa = PBXShellScriptBuildPhase;
			buildActionMask = 2147483647;
			files = (
			);
			inputFileListPaths = (
				"${PODS_ROOT}/Target Support Files/Pods-versi/Pods-versi-frameworks-${CONFIGURATION}-input-files.xcfilelist",
			);
			name = "[CP] Embed Pods Frameworks";
			outputFileListPaths = (
				"${PODS_ROOT}/Target Support Files/Pods-versi/Pods-versi-frameworks-${CONFIGURATION}-output-files.xcfilelist",
			);
			runOnlyForDeploymentPostprocessing = 0;
			shellPath = /bin/sh;
			shellScript = "\"${PODS_ROOT}/Target Support Files/Pods-versi/Pods-versi-frameworks.sh\"\n";
			showEnvVarsInLog = 0;
		};
/* End PBXShellScriptBuildPhase section */

/* Begin PBXSourcesBuildPhase section */
		C17E21242440B8D700141A68 /* Sources */ = {
			isa = PBXSourcesBuildPhase;
			buildActionMask = 2147483647;
			files = (
				C17E21452440C1E600141A68 /* SearchVC.swift in Sources */,
				C17E21302440B8D700141A68 /* TrendingFeedVC.swift in Sources */,
				C17E212C2440B8D700141A68 /* AppDelegate.swift in Sources */,
				C17E212E2440B8D700141A68 /* SceneDelegate.swift in Sources */,
				74D77B7BDDC6C21A9A6DAE3D /* RoundedBorderButton.swift in Sources */,
				74D77F114BE2930AC0DC455D /* RoundedBorderTextField.swift in Sources */,
				74D77376BDBACF5A1BB4798F /* Repo.swift in Sources */,
				74D775B54A619724ABE0CD1D /* TrendingRepoCell.swift in Sources */,
				74D7720A57A98CF175F3C7B2 /* Constants.swift in Sources */,
				74D77F11EC6ED47AAE2DCEB5 /* DownloadService.swift in Sources */,
			);
			runOnlyForDeploymentPostprocessing = 0;
		};
/* End PBXSourcesBuildPhase section */

/* Begin PBXVariantGroup section */
		C17E21312440B8D700141A68 /* Main.storyboard */ = {
			isa = PBXVariantGroup;
			children = (
				C17E21322440B8D700141A68 /* Base */,
			);
			name = Main.storyboard;
			sourceTree = "<group>";
		};
		C17E21362440B8DA00141A68 /* LaunchScreen.storyboard */ = {
			isa = PBXVariantGroup;
			children = (
				C17E21372440B8DA00141A68 /* Base */,
			);
			name = LaunchScreen.storyboard;
			sourceTree = "<group>";
		};
/* End PBXVariantGroup section */

/* Begin XCBuildConfiguration section */
		C17E213A2440B8DA00141A68 /* Debug */ = {
			isa = XCBuildConfiguration;
			buildSettings = {
				ALWAYS_SEARCH_USER_PATHS = NO;
				CLANG_ANALYZER_NONNULL = YES;
				CLANG_ANALYZER_NUMBER_OBJECT_CONVERSION = YES_AGGRESSIVE;
				CLANG_CXX_LANGUAGE_STANDARD = "gnu++14";
				CLANG_CXX_LIBRARY = "libc++";
				CLANG_ENABLE_MODULES = YES;
				CLANG_ENABLE_OBJC_ARC = YES;
				CLANG_ENABLE_OBJC_WEAK = YES;
				CLANG_WARN_BLOCK_CAPTURE_AUTORELEASING = YES;
				CLANG_WARN_BOOL_CONVERSION = YES;
				CLANG_WARN_COMMA = YES;
				CLANG_WARN_CONSTANT_CONVERSION = YES;
				CLANG_WARN_DEPRECATED_OBJC_IMPLEMENTATIONS = YES;
				CLANG_WARN_DIRECT_OBJC_ISA_USAGE = YES_ERROR;
				CLANG_WARN_DOCUMENTATION_COMMENTS = YES;
				CLANG_WARN_EMPTY_BODY = YES;
				CLANG_WARN_ENUM_CONVERSION = YES;
				CLANG_WARN_INFINITE_RECURSION = YES;
				CLANG_WARN_INT_CONVERSION = YES;
				CLANG_WARN_NON_LITERAL_NULL_CONVERSION = YES;
				CLANG_WARN_OBJC_IMPLICIT_RETAIN_SELF = YES;
				CLANG_WARN_OBJC_LITERAL_CONVERSION = YES;
				CLANG_WARN_OBJC_ROOT_CLASS = YES_ERROR;
				CLANG_WARN_RANGE_LOOP_ANALYSIS = YES;
				CLANG_WARN_STRICT_PROTOTYPES = YES;
				CLANG_WARN_SUSPICIOUS_MOVE = YES;
				CLANG_WARN_UNGUARDED_AVAILABILITY = YES_AGGRESSIVE;
				CLANG_WARN_UNREACHABLE_CODE = YES;
				CLANG_WARN__DUPLICATE_METHOD_MATCH = YES;
				COPY_PHASE_STRIP = NO;
				DEBUG_INFORMATION_FORMAT = dwarf;
				ENABLE_STRICT_OBJC_MSGSEND = YES;
				ENABLE_TESTABILITY = YES;
				GCC_C_LANGUAGE_STANDARD = gnu11;
				GCC_DYNAMIC_NO_PIC = NO;
				GCC_NO_COMMON_BLOCKS = YES;
				GCC_OPTIMIZATION_LEVEL = 0;
				GCC_PREPROCESSOR_DEFINITIONS = (
					"DEBUG=1",
					"$(inherited)",
				);
				GCC_WARN_64_TO_32_BIT_CONVERSION = YES;
				GCC_WARN_ABOUT_RETURN_TYPE = YES_ERROR;
				GCC_WARN_UNDECLARED_SELECTOR = YES;
				GCC_WARN_UNINITIALIZED_AUTOS = YES_AGGRESSIVE;
				GCC_WARN_UNUSED_FUNCTION = YES;
				GCC_WARN_UNUSED_VARIABLE = YES;
				INFOPLIST_FILE = "";
				IPHONEOS_DEPLOYMENT_TARGET = 13.4;
				MTL_ENABLE_DEBUG_INFO = INCLUDE_SOURCE;
				MTL_FAST_MATH = YES;
				ONLY_ACTIVE_ARCH = YES;
				SDKROOT = iphoneos;
				SWIFT_ACTIVE_COMPILATION_CONDITIONS = DEBUG;
				SWIFT_OPTIMIZATION_LEVEL = "-Onone";
			};
			name = Debug;
		};
		C17E213B2440B8DA00141A68 /* Release */ = {
			isa = XCBuildConfiguration;
			buildSettings = {
				ALWAYS_SEARCH_USER_PATHS = NO;
				CLANG_ANALYZER_NONNULL = YES;
				CLANG_ANALYZER_NUMBER_OBJECT_CONVERSION = YES_AGGRESSIVE;
				CLANG_CXX_LANGUAGE_STANDARD = "gnu++14";
				CLANG_CXX_LIBRARY = "libc++";
				CLANG_ENABLE_MODULES = YES;
				CLANG_ENABLE_OBJC_ARC = YES;
				CLANG_ENABLE_OBJC_WEAK = YES;
				CLANG_WARN_BLOCK_CAPTURE_AUTORELEASING = YES;
				CLANG_WARN_BOOL_CONVERSION = YES;
				CLANG_WARN_COMMA = YES;
				CLANG_WARN_CONSTANT_CONVERSION = YES;
				CLANG_WARN_DEPRECATED_OBJC_IMPLEMENTATIONS = YES;
				CLANG_WARN_DIRECT_OBJC_ISA_USAGE = YES_ERROR;
				CLANG_WARN_DOCUMENTATION_COMMENTS = YES;
				CLANG_WARN_EMPTY_BODY = YES;
				CLANG_WARN_ENUM_CONVERSION = YES;
				CLANG_WARN_INFINITE_RECURSION = YES;
				CLANG_WARN_INT_CONVERSION = YES;
				CLANG_WARN_NON_LITERAL_NULL_CONVERSION = YES;
				CLANG_WARN_OBJC_IMPLICIT_RETAIN_SELF = YES;
				CLANG_WARN_OBJC_LITERAL_CONVERSION = YES;
				CLANG_WARN_OBJC_ROOT_CLASS = YES_ERROR;
				CLANG_WARN_RANGE_LOOP_ANALYSIS = YES;
				CLANG_WARN_STRICT_PROTOTYPES = YES;
				CLANG_WARN_SUSPICIOUS_MOVE = YES;
				CLANG_WARN_UNGUARDED_AVAILABILITY = YES_AGGRESSIVE;
				CLANG_WARN_UNREACHABLE_CODE = YES;
				CLANG_WARN__DUPLICATE_METHOD_MATCH = YES;
				COPY_PHASE_STRIP = NO;
				DEBUG_INFORMATION_FORMAT = "dwarf-with-dsym";
				ENABLE_NS_ASSERTIONS = NO;
				ENABLE_STRICT_OBJC_MSGSEND = YES;
				GCC_C_LANGUAGE_STANDARD = gnu11;
				GCC_NO_COMMON_BLOCKS = YES;
				GCC_WARN_64_TO_32_BIT_CONVERSION = YES;
				GCC_WARN_ABOUT_RETURN_TYPE = YES_ERROR;
				GCC_WARN_UNDECLARED_SELECTOR = YES;
				GCC_WARN_UNINITIALIZED_AUTOS = YES_AGGRESSIVE;
				GCC_WARN_UNUSED_FUNCTION = YES;
				GCC_WARN_UNUSED_VARIABLE = YES;
				INFOPLIST_FILE = "";
				IPHONEOS_DEPLOYMENT_TARGET = 13.4;
				MTL_ENABLE_DEBUG_INFO = NO;
				MTL_FAST_MATH = YES;
				SDKROOT = iphoneos;
				SWIFT_COMPILATION_MODE = wholemodule;
				SWIFT_OPTIMIZATION_LEVEL = "-O";
				VALIDATE_PRODUCT = YES;
			};
			name = Release;
		};
		C17E213D2440B8DA00141A68 /* Debug */ = {
			isa = XCBuildConfiguration;
			baseConfigurationReference = AC37952B41BAFD6FE4E80D49 /* Pods-versi.debug.xcconfig */;
			buildSettings = {
				ASSETCATALOG_COMPILER_APPICON_NAME = AppIcon;
				CODE_SIGN_STYLE = Automatic;
				DEVELOPMENT_TEAM = LAA5P7GZMT;
				INFOPLIST_FILE = versi/Core/Info.plist;
				LD_RUNPATH_SEARCH_PATHS = (
					"$(inherited)",
					"@executable_path/Frameworks",
				);
				PRODUCT_BUNDLE_IDENTIFIER = com.kerim.versi;
				PRODUCT_NAME = "$(TARGET_NAME)";
				SWIFT_VERSION = 5.0;
				TARGETED_DEVICE_FAMILY = "1,2";
			};
			name = Debug;
		};
		C17E213E2440B8DA00141A68 /* Release */ = {
			isa = XCBuildConfiguration;
			baseConfigurationReference = E376A27799BFB282A345F4AD /* Pods-versi.release.xcconfig */;
			buildSettings = {
				ASSETCATALOG_COMPILER_APPICON_NAME = AppIcon;
				CODE_SIGN_STYLE = Automatic;
				DEVELOPMENT_TEAM = LAA5P7GZMT;
				INFOPLIST_FILE = versi/Core/Info.plist;
				LD_RUNPATH_SEARCH_PATHS = (
					"$(inherited)",
					"@executable_path/Frameworks",
				);
				PRODUCT_BUNDLE_IDENTIFIER = com.kerim.versi;
				PRODUCT_NAME = "$(TARGET_NAME)";
				SWIFT_VERSION = 5.0;
				TARGETED_DEVICE_FAMILY = "1,2";
			};
			name = Release;
		};
/* End XCBuildConfiguration section */

/* Begin XCConfigurationList section */
		C17E21232440B8D700141A68 /* Build configuration list for PBXProject "versi" */ = {
			isa = XCConfigurationList;
			buildConfigurations = (
				C17E213A2440B8DA00141A68 /* Debug */,
				C17E213B2440B8DA00141A68 /* Release */,
			);
			defaultConfigurationIsVisible = 0;
			defaultConfigurationName = Release;
		};
		C17E213C2440B8DA00141A68 /* Build configuration list for PBXNativeTarget "versi" */ = {
			isa = XCConfigurationList;
			buildConfigurations = (
				C17E213D2440B8DA00141A68 /* Debug */,
				C17E213E2440B8DA00141A68 /* Release */,
			);
			defaultConfigurationIsVisible = 0;
			defaultConfigurationName = Release;
		};
/* End XCConfigurationList section */
	};
	rootObject = C17E21202440B8D700141A68 /* Project object */;
}
